
Microsoft Visual Studio Solution File, Format Version 12.00
# Visual Studio 14
VisualStudioVersion = 14.0.25420.1
MinimumVisualStudioVersion = 10.0.40219.1
Project("{FAE04EC0-301F-11D3-BF4B-00C04F79EFBC}") = "PhanTichDuLieu", "PhanTichDuLieu\PhanTichDuLieu.csproj", "{EA909AD7-5491-42F8-9C9F-0481B98DC4B0}"
EndProject
Project("{FAE04EC0-301F-11D3-BF4B-00C04F79EFBC}") = "MyFunctionDLL", "MyFunctionDLL\MyFunctionDLL.csproj", "{4F291334-FD11-49C2-88AE-B3F182331AE2}"
EndProject
Global
	GlobalSection(SolutionConfigurationPlatforms) = preSolution
		Debug|Any CPU = Debug|Any CPU
		Release|Any CPU = Release|Any CPU
	EndGlobalSection
	GlobalSection(ProjectConfigurationPlatforms) = postSolution
		{EA909AD7-5491-42F8-9C9F-0481B98DC4B0}.Debug|Any CPU.ActiveCfg = Debug|Any CPU
		{EA909AD7-5491-42F8-9C9F-0481B98DC4B0}.Debug|Any CPU.Build.0 = Debug|Any CPU
		{EA909AD7-5491-42F8-9C9F-0481B98DC4B0}.Release|Any CPU.ActiveCfg = Release|Any CPU
		{EA909AD7-5491-42F8-9C9F-0481B98DC4B0}.Release|Any CPU.Build.0 = Release|Any CPU
		{4F291334-FD11-49C2-88AE-B3F182331AE2}.Debug|Any CPU.ActiveCfg = Debug|Any CPU
		{4F291334-FD11-49C2-88AE-B3F182331AE2}.Debug|Any CPU.Build.0 = Debug|Any CPU
		{4F291334-FD11-49C2-88AE-B3F182331AE2}.Release|Any CPU.ActiveCfg = Release|Any CPU
		{4F291334-FD11-49C2-88AE-B3F182331AE2}.Release|Any CPU.Build.0 = Release|Any CPU
	EndGlobalSection
	GlobalSection(SolutionProperties) = preSolution
		HideSolutionNode = FALSE
	EndGlobalSection
EndGlobal
